
Microsoft Visual Studio Solution File, Format Version 12.00
# Visual Studio Version 17
VisualStudioVersion = 17.0.31903.59
MinimumVisualStudioVersion = 10.0.40219.1
Project("{FAE04EC0-301F-11D3-BF4B-00C04F79EFBC}") = "UserService", "UserService\UserService.csproj", "{FBEF2C20-5925-4C7A-9C0D-C5E539E3A876}"
EndProject
Project("{FAE04EC0-301F-11D3-BF4B-00C04F79EFBC}") = "ProductService", "ProductService\ProductService.csproj", "{4A9521B6-3291-4CF4-83AF-1FC8FDEA955A}"
EndProject
Project("{FAE04EC0-301F-11D3-BF4B-00C04F79EFBC}") = "OrderService", "OrderService\OrderService.csproj", "{7F4737A0-9A44-47A8-817E-A75262D0F585}"
EndProject
Project("{FAE04EC0-301F-11D3-BF4B-00C04F79EFBC}") = "NotificationService", "NotificationService\NotificationService.csproj", "{851AD0F4-4D03-42C1-94CE-891D0E62D051}"
EndProject
Global
	GlobalSection(SolutionConfigurationPlatforms) = preSolution
		Debug|Any CPU = Debug|Any CPU
		Release|Any CPU = Release|Any CPU
	EndGlobalSection
	GlobalSection(SolutionProperties) = preSolution
		HideSolutionNode = FALSE
	EndGlobalSection
	GlobalSection(ProjectConfigurationPlatforms) = postSolution
		{FBEF2C20-5925-4C7A-9C0D-C5E539E3A876}.Debug|Any CPU.ActiveCfg = Debug|Any CPU
		{FBEF2C20-5925-4C7A-9C0D-C5E539E3A876}.Debug|Any CPU.Build.0 = Debug|Any CPU
		{FBEF2C20-5925-4C7A-9C0D-C5E539E3A876}.Release|Any CPU.ActiveCfg = Release|Any CPU
		{FBEF2C20-5925-4C7A-9C0D-C5E539E3A876}.Release|Any CPU.Build.0 = Release|Any CPU
		{4A9521B6-3291-4CF4-83AF-1FC8FDEA955A}.Debug|Any CPU.ActiveCfg = Debug|Any CPU
		{4A9521B6-3291-4CF4-83AF-1FC8FDEA955A}.Debug|Any CPU.Build.0 = Debug|Any CPU
		{4A9521B6-3291-4CF4-83AF-1FC8FDEA955A}.Release|Any CPU.ActiveCfg = Release|Any CPU
		{4A9521B6-3291-4CF4-83AF-1FC8FDEA955A}.Release|Any CPU.Build.0 = Release|Any CPU
		{7F4737A0-9A44-47A8-817E-A75262D0F585}.Debug|Any CPU.ActiveCfg = Debug|Any CPU
		{7F4737A0-9A44-47A8-817E-A75262D0F585}.Debug|Any CPU.Build.0 = Debug|Any CPU
		{7F4737A0-9A44-47A8-817E-A75262D0F585}.Release|Any CPU.ActiveCfg = Release|Any CPU
		{7F4737A0-9A44-47A8-817E-A75262D0F585}.Release|Any CPU.Build.0 = Release|Any CPU
		{851AD0F4-4D03-42C1-94CE-891D0E62D051}.Debug|Any CPU.ActiveCfg = Debug|Any CPU
		{851AD0F4-4D03-42C1-94CE-891D0E62D051}.Debug|Any CPU.Build.0 = Debug|Any CPU
		{851AD0F4-4D03-42C1-94CE-891D0E62D051}.Release|Any CPU.ActiveCfg = Release|Any CPU
		{851AD0F4-4D03-42C1-94CE-891D0E62D051}.Release|Any CPU.Build.0 = Release|Any CPU
	EndGlobalSection
EndGlobal
